
Microsoft Visual Studio Solution File, Format Version 12.00
# Visual Studio Version 17
VisualStudioVersion = 17.8.34525.116
MinimumVisualStudioVersion = 10.0.40219.1
Project("{FAE04EC0-301F-11D3-BF4B-00C04F79EFBC}") = "BookAPI", "BookAPI\BookAPI.csproj", "{6187D44C-E288-4C89-BFEB-3AF93A98883E}"
EndProject
Global
	GlobalSection(SolutionConfigurationPlatforms) = preSolution
		Debug|Any CPU = Debug|Any CPU
		Release|Any CPU = Release|Any CPU
	EndGlobalSection
	GlobalSection(ProjectConfigurationPlatforms) = postSolution
		{6187D44C-E288-4C89-BFEB-3AF93A98883E}.Debug|Any CPU.ActiveCfg = Debug|Any CPU
		{6187D44C-E288-4C89-BFEB-3AF93A98883E}.Debug|Any CPU.Build.0 = Debug|Any CPU
		{6187D44C-E288-4C89-BFEB-3AF93A98883E}.Release|Any CPU.ActiveCfg = Release|Any CPU
		{6187D44C-E288-4C89-BFEB-3AF93A98883E}.Release|Any CPU.Build.0 = Release|Any CPU
	EndGlobalSection
	GlobalSection(SolutionProperties) = preSolution
		HideSolutionNode = FALSE
	EndGlobalSection
	GlobalSection(ExtensibilityGlobals) = postSolution
		SolutionGuid = {844BE1EE-0E0F-453A-AEF9-15C8B30D874A}
	EndGlobalSection
EndGlobal
